
Microsoft Visual Studio Solution File, Format Version 12.00
# Visual Studio 15
VisualStudioVersion = 15.0.28307.271
MinimumVisualStudioVersion = 10.0.40219.1
Project("{FAE04EC0-301F-11D3-BF4B-00C04F79EFBC}") = "ImoStatemiddleware", "ImoStatemiddleware\ImoStatemiddleware.csproj", "{BB66852C-AA9C-46D2-9CBE-8237C76A6A72}"
EndProject
Global
	GlobalSection(SolutionConfigurationPlatforms) = preSolution
		Debug|Any CPU = Debug|Any CPU
		Release|Any CPU = Release|Any CPU
	EndGlobalSection
	GlobalSection(ProjectConfigurationPlatforms) = postSolution
		{BB66852C-AA9C-46D2-9CBE-8237C76A6A72}.Debug|Any CPU.ActiveCfg = Debug|Any CPU
		{BB66852C-AA9C-46D2-9CBE-8237C76A6A72}.Debug|Any CPU.Build.0 = Debug|Any CPU
		{BB66852C-AA9C-46D2-9CBE-8237C76A6A72}.Release|Any CPU.ActiveCfg = Release|Any CPU
		{BB66852C-AA9C-46D2-9CBE-8237C76A6A72}.Release|Any CPU.Build.0 = Release|Any CPU
	EndGlobalSection
	GlobalSection(SolutionProperties) = preSolution
		HideSolutionNode = FALSE
	EndGlobalSection
	GlobalSection(ExtensibilityGlobals) = postSolution
		SolutionGuid = {6E6ADEB7-E509-438A-B295-563808E3EA73}
	EndGlobalSection
EndGlobal
